{
  "name": "stac-repl",
  "lockfileVersion": 2,
  "requires": true,
  "packages": {
    "": {
      "dependencies": {
        "@turf/helpers": "^6.3.0",
        "xhr2": "^0.2.1"
      }
    },
    "node_modules/@turf/helpers": {
      "version": "6.3.0",
      "resolved": "https://registry.npmjs.org/@turf/helpers/-/helpers-6.3.0.tgz",
      "integrity": "sha512-kr6KuD4Z0GZ30tblTEvi90rvvVNlKieXuMC8CTzE/rVQb0/f/Cb29zCXxTD7giQTEQY/P2nRW23wEqqyNHulCg=="
    },
    "node_modules/xhr2": {
      "version": "0.2.1",
      "resolved": "https://registry.npmjs.org/xhr2/-/xhr2-0.2.1.tgz",
      "integrity": "sha512-sID0rrVCqkVNUn8t6xuv9+6FViXjUVXq8H5rWOH2rz9fDNQEd4g0EA2XlcEdJXRz5BMEn4O1pJFdT+z4YHhoWw==",
      "engines": {
        "node": ">= 6"
      }
    }
  },
  "dependencies": {
    "@turf/helpers": {
      "version": "6.3.0",
      "resolved": "https://registry.npmjs.org/@turf/helpers/-/helpers-6.3.0.tgz",
      "integrity": "sha512-kr6KuD4Z0GZ30tblTEvi90rvvVNlKieXuMC8CTzE/rVQb0/f/Cb29zCXxTD7giQTEQY/P2nRW23wEqqyNHulCg=="
    },
    "xhr2": {
      "version": "0.2.1",
      "resolved": "https://registry.npmjs.org/xhr2/-/xhr2-0.2.1.tgz",
      "integrity": "sha512-sID0rrVCqkVNUn8t6xuv9+6FViXjUVXq8H5rWOH2rz9fDNQEd4g0EA2XlcEdJXRz5BMEn4O1pJFdT+z4YHhoWw=="
    }
  }
}
